lockfileVersion: '6.0'

settings:
  autoInstallPeers: true
  excludeLinksFromLockfile: false

dependencies:
  playwright:
    specifier: ^1.38.1
    version: 1.38.1
  random-useragent:
    specifier: ^0.5.0
    version: 0.5.0

devDependencies:
  '@playwright/test':
    specifier: ^1.38.1
    version: 1.38.1
  '@types/node':
    specifier: ^20.8.3
    version: 20.8.3

packages:

  /@playwright/test@1.38.1:
    resolution: {integrity: sha512-NqRp8XMwj3AK+zKLbZShl0r/9wKgzqI/527bkptKXomtuo+dOjU9NdMASQ8DNC9z9zLOMbG53T4eihYr3XR+BQ==}
    engines: {node: '>=16'}
    hasBin: true
    dependencies:
      playwright: 1.38.1
    dev: true

  /@types/node@20.8.3:
    resolution: {integrity: sha512-jxiZQFpb+NlH5kjW49vXxvxTjeeqlbsnTAdBTKpzEdPs9itay7MscYXz3Fo9VYFEsfQ6LJFitHad3faerLAjCw==}
    dev: true

  /fsevents@2.3.2:
    resolution: {integrity: sha512-xiqMQR4xAeHTuB9uWm+fFRcIOgKBMiOBP+eXiyT7jsgVCq1bkVygt00oASowB7EdtpOHaaPgKt812P9ab+DDKA==}
    engines: {node: ^8.16.0 || ^10.6.0 || >=11.0.0}
    os: [darwin]
    requiresBuild: true
    optional: true

  /json-stringify-safe@5.0.1:
    resolution: {integrity: sha512-ZClg6AaYvamvYEE82d3Iyd3vSSIjQ+odgjaTzRuO3s7toCdFKczob2i0zCh7JE8kWn17yvAWhUVxvqGwUalsRA==}
    dev: false

  /playwright-core@1.38.1:
    resolution: {integrity: sha512-tQqNFUKa3OfMf4b2jQ7aGLB8o9bS3bOY0yMEtldtC2+spf8QXG9zvXLTXUeRsoNuxEYMgLYR+NXfAa1rjKRcrg==}
    engines: {node: '>=16'}
    hasBin: true

  /playwright@1.38.1:
    resolution: {integrity: sha512-oRMSJmZrOu1FP5iu3UrCx8JEFRIMxLDM0c/3o4bpzU5Tz97BypefWf7TuTNPWeCe279TPal5RtPPZ+9lW/Qkow==}
    engines: {node: '>=16'}
    hasBin: true
    dependencies:
      playwright-core: 1.38.1
    optionalDependencies:
      fsevents: 2.3.2

  /random-seed@0.3.0:
    resolution: {integrity: sha512-y13xtn3kcTlLub3HKWXxJNeC2qK4mB59evwZ5EkeRlolx+Bp2ztF7LbcZmyCnOqlHQrLnfuNbi1sVmm9lPDlDA==}
    engines: {node: '>= 0.6.0'}
    dependencies:
      json-stringify-safe: 5.0.1
    dev: false

  /random-useragent@0.5.0:
    resolution: {integrity: sha512-FUMkqVdZeoSff5tErNL3FFGYXElDWZ1bEuedhm5u9MdCFwANriJWbHvDRYrLTOzp/fBsBGu5J1cWtDgifa97aQ==}
    dependencies:
      random-seed: 0.3.0
    dev: false
